{
    "_readme": [
        "This file locks the dependencies of your project to a known state",
        "Read more about it at https://getcomposer.org/doc/01-basic-usage.md#installing-dependencies",
        "This file is @generated automatically"
    ],
    "content-hash": "57e176a5ff12bc607e530906d27e9042",
    "packages": [
        {
            "name": "grimmlink/webui-popover",
            "version": "1.2.18",
            "source": {
                "type": "git",
                "url": "https://github.com/grimmlink/webui-popover.git",
                "reference": "a634d93d66d12b17dc0a3bf8f199d79265154eef"
            },
            "dist": {
                "type": "zip",
                "url": "https://api.github.com/repos/grimmlink/webui-popover/zipball/a634d93d66d12b17dc0a3bf8f199d79265154eef",
                "reference": "a634d93d66d12b17dc0a3bf8f199d79265154eef",
                "shasum": ""
            },
            "type": "library",
            "notification-url": "https://packagist.org/downloads/",
            "license": [
                "MIT"
            ],
            "description": "Shim repository for webui-popover",
            "homepage": "https://github.com/sandywalker/webui-popover",
            "keywords": [
                "jquery-plugin",
                "popover"
            ],
            "support": {
                "issues": "https://github.com/grimmlink/webui-popover/issues",
                "source": "https://github.com/grimmlink/webui-popover/tree/1.2.18"
            },
            "time": "2017-02-21T10:35:06+00:00"
        },
        {
            "name": "slowprog/composer-copy-file",
            "version": "0.3.3",
            "source": {
                "type": "git",
                "url": "https://github.com/slowprog/CopyFile.git",
                "reference": "b02d55f7587577f29d355f0ce7b697f66dffc0af"
            },
            "dist": {
                "type": "zip",
                "url": "https://api.github.com/repos/slowprog/CopyFile/zipball/b02d55f7587577f29d355f0ce7b697f66dffc0af",
                "reference": "b02d55f7587577f29d355f0ce7b697f66dffc0af",
                "shasum": ""
            },
            "require": {
                "php": ">=5.6"
            },
            "require-dev": {
                "composer/composer": "1.0.*@dev",
                "mikey179/vfsstream": "~1",
                "php-mock/php-mock-phpunit": "~1",
                "phpunit/phpunit": "5.7.27",
                "symfony/filesystem": "~2.7",
                "symfony/finder": "~2.7"
            },
            "type": "library",
            "autoload": {
                "psr-4": {
                    "SlowProg\\CopyFile\\": ""
                }
            },
            "notification-url": "https://packagist.org/downloads/",
            "license": [
                "MIT"
            ],
            "authors": [
                {
                    "name": "Andrey Tyshev",
                    "email": "slowprog@gmail.com"
                }
            ],
            "description": "Composer script copying your files after install",
            "homepage": "https://github.com/SlowProg/composer-copy-file",
            "keywords": [
                "copy file"
            ],
            "support": {
                "issues": "https://github.com/slowprog/CopyFile/issues",
                "source": "https://github.com/slowprog/CopyFile/tree/0.3.3"
            },
            "time": "2020-07-02T14:44:41+00:00"
        }
    ],
    "packages-dev": [],
    "aliases": [],
    "minimum-stability": "stable",
    "stability-flags": [],
    "prefer-stable": false,
    "prefer-lowest": false,
    "platform": [],
    "platform-dev": [],
    "plugin-api-version": "2.0.0"
}
